
Microsoft Visual Studio Solution File, Format Version 12.00
# Visual Studio 15
Project("{FAE04EC0-301F-11D3-BF4B-00C04F79EFBC}") = "Assembly-CSharp", "Assembly-CSharp.csproj", "{2C679B29-1D86-2B7B-AA5F-BF48FF2FFA9C}"
EndProject
Project("{FAE04EC0-301F-11D3-BF4B-00C04F79EFBC}") = "Assembly-CSharp-firstpass", "Assembly-CSharp-firstpass.csproj", "{548EC36B-73D6-2E35-65CA-4413C675B0AA}"
EndProject
Global
	GlobalSection(SolutionConfigurationPlatforms) = preSolution
		Debug|Any CPU = Debug|Any CPU
		Release|Any CPU = Release|Any CPU
	EndGlobalSection
	GlobalSection(ProjectConfigurationPlatforms) = postSolution
		{2C679B29-1D86-2B7B-AA5F-BF48FF2FFA9C}.Debug|Any CPU.ActiveCfg = Debug|Any CPU
		{2C679B29-1D86-2B7B-AA5F-BF48FF2FFA9C}.Debug|Any CPU.Build.0 = Debug|Any CPU
		{2C679B29-1D86-2B7B-AA5F-BF48FF2FFA9C}.Release|Any CPU.ActiveCfg = Release|Any CPU
		{2C679B29-1D86-2B7B-AA5F-BF48FF2FFA9C}.Release|Any CPU.Build.0 = Release|Any CPU
		{548EC36B-73D6-2E35-65CA-4413C675B0AA}.Debug|Any CPU.ActiveCfg = Debug|Any CPU
		{548EC36B-73D6-2E35-65CA-4413C675B0AA}.Debug|Any CPU.Build.0 = Debug|Any CPU
		{548EC36B-73D6-2E35-65CA-4413C675B0AA}.Release|Any CPU.ActiveCfg = Release|Any CPU
		{548EC36B-73D6-2E35-65CA-4413C675B0AA}.Release|Any CPU.Build.0 = Release|Any CPU
	EndGlobalSection
	GlobalSection(SolutionProperties) = preSolution
		HideSolutionNode = FALSE
	EndGlobalSection
EndGlobal
