
Microsoft Visual Studio Solution File, Format Version 12.00
# Visual Studio 15
Project("{FAE04EC0-301F-11D3-BF4B-00C04F79EFBC}") = "OSA", "OSA.csproj", "{FDCE9E99-9F2D-3066-7018-0F1D65DF5F36}"
EndProject
Project("{FAE04EC0-301F-11D3-BF4B-00C04F79EFBC}") = "Assembly-CSharp", "Assembly-CSharp.csproj", "{0D69EE1F-61A9-2F0E-8199-E257F86008EE}"
EndProject
Project("{FAE04EC0-301F-11D3-BF4B-00C04F79EFBC}") = "OSA-Editor", "OSA-Editor.csproj", "{6C655EBB-469C-A014-83D3-708B248DF29D}"
EndProject
Global
	GlobalSection(SolutionConfigurationPlatforms) = preSolution
		Debug|Any CPU = Debug|Any CPU
		Release|Any CPU = Release|Any CPU
	EndGlobalSection
	GlobalSection(ProjectConfigurationPlatforms) = postSolution
		{FDCE9E99-9F2D-3066-7018-0F1D65DF5F36}.Debug|Any CPU.ActiveCfg = Debug|Any CPU
		{FDCE9E99-9F2D-3066-7018-0F1D65DF5F36}.Debug|Any CPU.Build.0 = Debug|Any CPU
		{FDCE9E99-9F2D-3066-7018-0F1D65DF5F36}.Release|Any CPU.ActiveCfg = Release|Any CPU
		{FDCE9E99-9F2D-3066-7018-0F1D65DF5F36}.Release|Any CPU.Build.0 = Release|Any CPU
		{0D69EE1F-61A9-2F0E-8199-E257F86008EE}.Debug|Any CPU.ActiveCfg = Debug|Any CPU
		{0D69EE1F-61A9-2F0E-8199-E257F86008EE}.Debug|Any CPU.Build.0 = Debug|Any CPU
		{0D69EE1F-61A9-2F0E-8199-E257F86008EE}.Release|Any CPU.ActiveCfg = Release|Any CPU
		{0D69EE1F-61A9-2F0E-8199-E257F86008EE}.Release|Any CPU.Build.0 = Release|Any CPU
		{6C655EBB-469C-A014-83D3-708B248DF29D}.Debug|Any CPU.ActiveCfg = Debug|Any CPU
		{6C655EBB-469C-A014-83D3-708B248DF29D}.Debug|Any CPU.Build.0 = Debug|Any CPU
		{6C655EBB-469C-A014-83D3-708B248DF29D}.Release|Any CPU.ActiveCfg = Release|Any CPU
		{6C655EBB-469C-A014-83D3-708B248DF29D}.Release|Any CPU.Build.0 = Release|Any CPU
	EndGlobalSection
	GlobalSection(SolutionProperties) = preSolution
		HideSolutionNode = FALSE
	EndGlobalSection
EndGlobal
